// !$*UTF8*$!
{
	archiveVersion = 1;
	classes = {
	};
	objectVersion = 52;
	objects = {

/* Begin PBXBuildFile section */
		140FA06027DA1D0000928AAE /* ScannedCodeView.swift in Sources */ = {isa = PBXBuildFile; fileRef = 140FA05F27DA1D0000928AAE /* ScannedCodeView.swift */; };
		140FA06727DA246B00928AAE /* Launch Screen.storyboard in Resources */ = {isa = PBXBuildFile; fileRef = 140FA06627DA246B00928AAE /* Launch Screen.storyboard */; };
		140FA06B27DA615F00928AAE /* CameraError.swift in Sources */ = {isa = PBXBuildFile; fileRef = 140FA06A27DA615F00928AAE /* CameraError.swift */; };
		1444102526A1FE17005F32CF /* BarcodeScannerApp.swift in Sources */ = {isa = PBXBuildFile; fileRef = 1444102426A1FE17005F32CF /* BarcodeScannerApp.swift */; };
		1444102726A1FE17005F32CF /* BarcodeScannerView.swift in Sources */ = {isa = PBXBuildFile; fileRef = 1444102626A1FE17005F32CF /* BarcodeScannerView.swift */; };
		1444102926A1FE19005F32CF /* Assets.xcassets in Resources */ = {isa = PBXBuildFile; fileRef = 1444102826A1FE19005F32CF /* Assets.xcassets */; };
		1444102C26A1FE19005F32CF /* Preview Assets.xcassets in Resources */ = {isa = PBXBuildFile; fileRef = 1444102B26A1FE19005F32CF /* Preview Assets.xcassets */; };
		1444103426A212EF005F32CF /* ScannerVC.swift in Sources */ = {isa = PBXBuildFile; fileRef = 1444103326A212EF005F32CF /* ScannerVC.swift */; };
		1444103626A218EC005F32CF /* ScannerView.swift in Sources */ = {isa = PBXBuildFile; fileRef = 1444103526A218EC005F32CF /* ScannerView.swift */; };
		1444103826A225B7005F32CF /* Alert.swift in Sources */ = {isa = PBXBuildFile; fileRef = 1444103726A225B7005F32CF /* Alert.swift */; };
		1444103A26A228FE005F32CF /* BarcodeScannerViewModel.swift in Sources */ = {isa = PBXBuildFile; fileRef = 1444103926A228FE005F32CF /* BarcodeScannerViewModel.swift */; };
		145E3DD327D90C880011953C /* ScanButton.swift in Sources */ = {isa = PBXBuildFile; fileRef = 145E3DD227D90C880011953C /* ScanButton.swift */; };
		145E3DD527D91BDC0011953C /* TitleView.swift in Sources */ = {isa = PBXBuildFile; fileRef = 145E3DD427D91BDC0011953C /* TitleView.swift */; };
		145E3DD727D91BE50011953C /* BottomView.swift in Sources */ = {isa = PBXBuildFile; fileRef = 145E3DD627D91BE50011953C /* BottomView.swift */; };
		145E3DD927D91C620011953C /* BackgroundView.swift in Sources */ = {isa = PBXBuildFile; fileRef = 145E3DD827D91C620011953C /* BackgroundView.swift */; };
		14C6F5DA26C1D6BF00661FF1 /* SFSafeSymbols in Frameworks */ = {isa = PBXBuildFile; productRef = 14C6F5D926C1D6BF00661FF1 /* SFSafeSymbols */; };
		14C6F5DF26C1E4FA00661FF1 /* Extensions.swift in Sources */ = {isa = PBXBuildFile; fileRef = 14C6F5DE26C1E4FA00661FF1 /* Extensions.swift */; };
		14C6F5E326C1E56F00661FF1 /* Strings.swift in Sources */ = {isa = PBXBuildFile; fileRef = 14C6F5E226C1E56F00661FF1 /* Strings.swift */; };
		14C6F5E426C1E68F00661FF1 /* Localizable.strings in Resources */ = {isa = PBXBuildFile; fileRef = 14C6F5E626C1E68F00661FF1 /* Localizable.strings */; };
/* End PBXBuildFile section */

/* Begin PBXFileReference section */
		140FA05F27DA1D0000928AAE /* ScannedCodeView.swift */ = {isa = PBXFileReference; lastKnownFileType = sourcecode.swift; path = ScannedCodeView.swift; sourceTree = "<group>"; };
		140FA06627DA246B00928AAE /* Launch Screen.storyboard */ = {isa = PBXFileReference; lastKnownFileType = file.storyboard; path = "Launch Screen.storyboard"; sourceTree = "<group>"; };
		140FA06A27DA615F00928AAE /* CameraError.swift */ = {isa = PBXFileReference; lastKnownFileType = sourcecode.swift; path = CameraError.swift; sourceTree = "<group>"; };
		1444102126A1FE17005F32CF /* BarcodeScanner.app */ = {isa = PBXFileReference; explicitFileType = wrapper.application; includeInIndex = 0; path = BarcodeScanner.app; sourceTree = BUILT_PRODUCTS_DIR; };
		1444102426A1FE17005F32CF /* BarcodeScannerApp.swift */ = {isa = PBXFileReference; lastKnownFileType = sourcecode.swift; path = BarcodeScannerApp.swift; sourceTree = "<group>"; };
		1444102626A1FE17005F32CF /* BarcodeScannerView.swift */ = {isa = PBXFileReference; lastKnownFileType = sourcecode.swift; path = BarcodeScannerView.swift; sourceTree = "<group>"; };
		1444102826A1FE19005F32CF /* Assets.xcassets */ = {isa = PBXFileReference; lastKnownFileType = folder.assetcatalog; path = Assets.xcassets; sourceTree = "<group>"; };
		1444102B26A1FE19005F32CF /* Preview Assets.xcassets */ = {isa = PBXFileReference; lastKnownFileType = folder.assetcatalog; path = "Preview Assets.xcassets"; sourceTree = "<group>"; };
		1444102D26A1FE19005F32CF /* Info.plist */ = {isa = PBXFileReference; lastKnownFileType = text.plist.xml; path = Info.plist; sourceTree = "<group>"; };
		1444103326A212EF005F32CF /* ScannerVC.swift */ = {isa = PBXFileReference; lastKnownFileType = sourcecode.swift; path = ScannerVC.swift; sourceTree = "<group>"; };
		1444103526A218EC005F32CF /* ScannerView.swift */ = {isa = PBXFileReference; lastKnownFileType = sourcecode.swift; path = ScannerView.swift; sourceTree = "<group>"; };
		1444103726A225B7005F32CF /* Alert.swift */ = {isa = PBXFileReference; lastKnownFileType = sourcecode.swift; path = Alert.swift; sourceTree = "<group>"; };
		1444103926A228FE005F32CF /* BarcodeScannerViewModel.swift */ = {isa = PBXFileReference; lastKnownFileType = sourcecode.swift; path = BarcodeScannerViewModel.swift; sourceTree = "<group>"; };
		145E3DD227D90C880011953C /* ScanButton.swift */ = {isa = PBXFileReference; lastKnownFileType = sourcecode.swift; path = ScanButton.swift; sourceTree = "<group>"; };
		145E3DD427D91BDC0011953C /* TitleView.swift */ = {isa = PBXFileReference; lastKnownFileType = sourcecode.swift; path = TitleView.swift; sourceTree = "<group>"; };
		145E3DD627D91BE50011953C /* BottomView.swift */ = {isa = PBXFileReference; lastKnownFileType = sourcecode.swift; path = BottomView.swift; sourceTree = "<group>"; };
		145E3DD827D91C620011953C /* BackgroundView.swift */ = {isa = PBXFileReference; lastKnownFileType = sourcecode.swift; path = BackgroundView.swift; sourceTree = "<group>"; };
		14C6F5DE26C1E4FA00661FF1 /* Extensions.swift */ = {isa = PBXFileReference; lastKnownFileType = sourcecode.swift; path = Extensions.swift; sourceTree = "<group>"; };
		14C6F5E226C1E56F00661FF1 /* Strings.swift */ = {isa = PBXFileReference; lastKnownFileType = sourcecode.swift; path = Strings.swift; sourceTree = "<group>"; };
		14C6F5E526C1E68F00661FF1 /* en */ = {isa = PBXFileReference; lastKnownFileType = text.plist.strings; name = en; path = en.lproj/Localizable.strings; sourceTree = "<group>"; };
		14C6F5E726C1E6B100661FF1 /* ru */ = {isa = PBXFileReference; lastKnownFileType = text.plist.strings; name = ru; path = ru.lproj/Localizable.strings; sourceTree = "<group>"; };
/* End PBXFileReference section */

/* Begin PBXFrameworksBuildPhase section */
		1444101E26A1FE17005F32CF /* Frameworks */ = {
			isa = PBXFrameworksBuildPhase;
			buildActionMask = 2147483647;
			files = (
				14C6F5DA26C1D6BF00661FF1 /* SFSafeSymbols in Frameworks */,
			);
			runOnlyForDeploymentPostprocessing = 0;
		};
/* End PBXFrameworksBuildPhase section */

/* Begin PBXGroup section */
		140FA06127DA22F200928AAE /* SwiftUI */ = {
			isa = PBXGroup;
			children = (
			);
			path = SwiftUI;
			sourceTree = "<group>";
		};
		140FA06527DA245D00928AAE /* LaunchScreen */ = {
			isa = PBXGroup;
			children = (
				140FA06627DA246B00928AAE /* Launch Screen.storyboard */,
			);
			path = LaunchScreen;
			sourceTree = "<group>";
		};
		1444101826A1FE17005F32CF = {
			isa = PBXGroup;
			children = (
				1444102326A1FE17005F32CF /* Sources */,
				14C6F5DB26C1E1EC00661FF1 /* Resources */,
				1444102226A1FE17005F32CF /* Products */,
			);
			sourceTree = "<group>";
		};
		1444102226A1FE17005F32CF /* Products */ = {
			isa = PBXGroup;
			children = (
				1444102126A1FE17005F32CF /* BarcodeScanner.app */,
			);
			name = Products;
			sourceTree = "<group>";
		};
		1444102326A1FE17005F32CF /* Sources */ = {
			isa = PBXGroup;
			children = (
				1444103F26A22B0E005F32CF /* Utilities */,
				1444103D26A22AEB005F32CF /* Views */,
				1444103B26A22ACE005F32CF /* Screens */,
				1444102426A1FE17005F32CF /* BarcodeScannerApp.swift */,
			);
			path = Sources;
			sourceTree = "<group>";
		};
		1444102A26A1FE19005F32CF /* Preview Content */ = {
			isa = PBXGroup;
			children = (
				1444102B26A1FE19005F32CF /* Preview Assets.xcassets */,
			);
			path = "Preview Content";
			sourceTree = "<group>";
		};
		1444103B26A22ACE005F32CF /* Screens */ = {
			isa = PBXGroup;
			children = (
				140FA06527DA245D00928AAE /* LaunchScreen */,
				1444103C26A22AD6005F32CF /* BarcodeScanner */,
			);
			path = Screens;
			sourceTree = "<group>";
		};
		1444103C26A22AD6005F32CF /* BarcodeScanner */ = {
			isa = PBXGroup;
			children = (
				145E3DD127D90C640011953C /* Subviews */,
				1444102626A1FE17005F32CF /* BarcodeScannerView.swift */,
				1444103926A228FE005F32CF /* BarcodeScannerViewModel.swift */,
			);
			path = BarcodeScanner;
			sourceTree = "<group>";
		};
		1444103D26A22AEB005F32CF /* Views */ = {
			isa = PBXGroup;
			children = (
				140FA06127DA22F200928AAE /* SwiftUI */,
				1444103E26A22AF1005F32CF /* UIKit */,
			);
			path = Views;
			sourceTree = "<group>";
		};
		1444103E26A22AF1005F32CF /* UIKit */ = {
			isa = PBXGroup;
			children = (
				1444103326A212EF005F32CF /* ScannerVC.swift */,
				1444103526A218EC005F32CF /* ScannerView.swift */,
			);
			path = UIKit;
			sourceTree = "<group>";
		};
		1444103F26A22B0E005F32CF /* Utilities */ = {
			isa = PBXGroup;
			children = (
				1444103726A225B7005F32CF /* Alert.swift */,
				14C6F5DE26C1E4FA00661FF1 /* Extensions.swift */,
				14C6F5E226C1E56F00661FF1 /* Strings.swift */,
				140FA06A27DA615F00928AAE /* CameraError.swift */,
			);
			path = Utilities;
			sourceTree = "<group>";
		};
		145E3DD127D90C640011953C /* Subviews */ = {
			isa = PBXGroup;
			children = (
				145E3DD227D90C880011953C /* ScanButton.swift */,
				145E3DD427D91BDC0011953C /* TitleView.swift */,
				145E3DD627D91BE50011953C /* BottomView.swift */,
				145E3DD827D91C620011953C /* BackgroundView.swift */,
				140FA05F27DA1D0000928AAE /* ScannedCodeView.swift */,
			);
			path = Subviews;
			sourceTree = "<group>";
		};
		14C6F5DB26C1E1EC00661FF1 /* Resources */ = {
			isa = PBXGroup;
			children = (
				1444102D26A1FE19005F32CF /* Info.plist */,
				14C6F5E626C1E68F00661FF1 /* Localizable.strings */,
				1444102826A1FE19005F32CF /* Assets.xcassets */,
				1444102A26A1FE19005F32CF /* Preview Content */,
			);
			path = Resources;
			sourceTree = "<group>";
		};
/* End PBXGroup section */

/* Begin PBXNativeTarget section */
		1444102026A1FE17005F32CF /* BarcodeScanner */ = {
			isa = PBXNativeTarget;
			buildConfigurationList = 1444103026A1FE19005F32CF /* Build configuration list for PBXNativeTarget "BarcodeScanner" */;
			buildPhases = (
				1444101D26A1FE17005F32CF /* Sources */,
				1444101E26A1FE17005F32CF /* Frameworks */,
				1444101F26A1FE17005F32CF /* Resources */,
			);
			buildRules = (
			);
			dependencies = (
			);
			name = BarcodeScanner;
			packageProductDependencies = (
				14C6F5D926C1D6BF00661FF1 /* SFSafeSymbols */,
			);
			productName = BarcodeScanner;
			productReference = 1444102126A1FE17005F32CF /* BarcodeScanner.app */;
			productType = "com.apple.product-type.application";
		};
/* End PBXNativeTarget section */

/* Begin PBXProject section */
		1444101926A1FE17005F32CF /* Project object */ = {
			isa = PBXProject;
			attributes = {
				LastSwiftUpdateCheck = 1250;
				LastUpgradeCheck = 1250;
				TargetAttributes = {
					1444102026A1FE17005F32CF = {
						CreatedOnToolsVersion = 12.5.1;
					};
				};
			};
			buildConfigurationList = 1444101C26A1FE17005F32CF /* Build configuration list for PBXProject "BarcodeScanner" */;
			compatibilityVersion = "Xcode 9.3";
			developmentRegion = en;
			hasScannedForEncodings = 0;
			knownRegions = (
				en,
				ru,
			);
			mainGroup = 1444101826A1FE17005F32CF;
			packageReferences = (
				14C6F5D826C1D6BF00661FF1 /* XCRemoteSwiftPackageReference "SFSafeSymbols" */,
			);
			productRefGroup = 1444102226A1FE17005F32CF /* Products */;
			projectDirPath = "";
			projectRoot = "";
			targets = (
				1444102026A1FE17005F32CF /* BarcodeScanner */,
			);
		};
/* End PBXProject section */

/* Begin PBXResourcesBuildPhase section */
		1444101F26A1FE17005F32CF /* Resources */ = {
			isa = PBXResourcesBuildPhase;
			buildActionMask = 2147483647;
			files = (
				1444102C26A1FE19005F32CF /* Preview Assets.xcassets in Resources */,
				1444102926A1FE19005F32CF /* Assets.xcassets in Resources */,
				140FA06727DA246B00928AAE /* Launch Screen.storyboard in Resources */,
				14C6F5E426C1E68F00661FF1 /* Localizable.strings in Resources */,
			);
			runOnlyForDeploymentPostprocessing = 0;
		};
/* End PBXResourcesBuildPhase section */

/* Begin PBXSourcesBuildPhase section */
		1444101D26A1FE17005F32CF /* Sources */ = {
			isa = PBXSourcesBuildPhase;
			buildActionMask = 2147483647;
			files = (
				1444103A26A228FE005F32CF /* BarcodeScannerViewModel.swift in Sources */,
				145E3DD327D90C880011953C /* ScanButton.swift in Sources */,
				1444103426A212EF005F32CF /* ScannerVC.swift in Sources */,
				14C6F5E326C1E56F00661FF1 /* Strings.swift in Sources */,
				145E3DD727D91BE50011953C /* BottomView.swift in Sources */,
				1444103626A218EC005F32CF /* ScannerView.swift in Sources */,
				145E3DD927D91C620011953C /* BackgroundView.swift in Sources */,
				1444102726A1FE17005F32CF /* BarcodeScannerView.swift in Sources */,
				1444103826A225B7005F32CF /* Alert.swift in Sources */,
				1444102526A1FE17005F32CF /* BarcodeScannerApp.swift in Sources */,
				140FA06027DA1D0000928AAE /* ScannedCodeView.swift in Sources */,
				14C6F5DF26C1E4FA00661FF1 /* Extensions.swift in Sources */,
				145E3DD527D91BDC0011953C /* TitleView.swift in Sources */,
				140FA06B27DA615F00928AAE /* CameraError.swift in Sources */,
			);
			runOnlyForDeploymentPostprocessing = 0;
		};
/* End PBXSourcesBuildPhase section */

/* Begin PBXVariantGroup section */
		14C6F5E626C1E68F00661FF1 /* Localizable.strings */ = {
			isa = PBXVariantGroup;
			children = (
				14C6F5E526C1E68F00661FF1 /* en */,
				14C6F5E726C1E6B100661FF1 /* ru */,
			);
			name = Localizable.strings;
			sourceTree = "<group>";
		};
/* End PBXVariantGroup section */

/* Begin XCBuildConfiguration section */
		1444102E26A1FE19005F32CF /* Debug */ = {
			isa = XCBuildConfiguration;
			buildSettings = {
				ALWAYS_SEARCH_USER_PATHS = NO;
				CLANG_ANALYZER_LOCALIZABILITY_NONLOCALIZED = YES;
				CLANG_ANALYZER_NONNULL = YES;
				CLANG_ANALYZER_NUMBER_OBJECT_CONVERSION = YES_AGGRESSIVE;
				CLANG_CXX_LANGUAGE_STANDARD = "gnu++14";
				CLANG_CXX_LIBRARY = "libc++";
				CLANG_ENABLE_MODULES = YES;
				CLANG_ENABLE_OBJC_ARC = YES;
				CLANG_ENABLE_OBJC_WEAK = YES;
				CLANG_WARN_BLOCK_CAPTURE_AUTORELEASING = YES;
				CLANG_WARN_BOOL_CONVERSION = YES;
				CLANG_WARN_COMMA = YES;
				CLANG_WARN_CONSTANT_CONVERSION = YES;
				CLANG_WARN_DEPRECATED_OBJC_IMPLEMENTATIONS = YES;
				CLANG_WARN_DIRECT_OBJC_ISA_USAGE = YES_ERROR;
				CLANG_WARN_DOCUMENTATION_COMMENTS = YES;
				CLANG_WARN_EMPTY_BODY = YES;
				CLANG_WARN_ENUM_CONVERSION = YES;
				CLANG_WARN_INFINITE_RECURSION = YES;
				CLANG_WARN_INT_CONVERSION = YES;
				CLANG_WARN_NON_LITERAL_NULL_CONVERSION = YES;
				CLANG_WARN_OBJC_IMPLICIT_RETAIN_SELF = YES;
				CLANG_WARN_OBJC_LITERAL_CONVERSION = YES;
				CLANG_WARN_OBJC_ROOT_CLASS = YES_ERROR;
				CLANG_WARN_QUOTED_INCLUDE_IN_FRAMEWORK_HEADER = YES;
				CLANG_WARN_RANGE_LOOP_ANALYSIS = YES;
				CLANG_WARN_STRICT_PROTOTYPES = YES;
				CLANG_WARN_SUSPICIOUS_MOVE = YES;
				CLANG_WARN_UNGUARDED_AVAILABILITY = YES_AGGRESSIVE;
				CLANG_WARN_UNREACHABLE_CODE = YES;
				CLANG_WARN__DUPLICATE_METHOD_MATCH = YES;
				COPY_PHASE_STRIP = NO;
				DEBUG_INFORMATION_FORMAT = dwarf;
				ENABLE_STRICT_OBJC_MSGSEND = YES;
				ENABLE_TESTABILITY = YES;
				GCC_C_LANGUAGE_STANDARD = gnu11;
				GCC_DYNAMIC_NO_PIC = NO;
				GCC_NO_COMMON_BLOCKS = YES;
				GCC_OPTIMIZATION_LEVEL = 0;
				GCC_PREPROCESSOR_DEFINITIONS = (
					"DEBUG=1",
					"$(inherited)",
				);
				GCC_WARN_64_TO_32_BIT_CONVERSION = YES;
				GCC_WARN_ABOUT_RETURN_TYPE = YES_ERROR;
				GCC_WARN_UNDECLARED_SELECTOR = YES;
				GCC_WARN_UNINITIALIZED_AUTOS = YES_AGGRESSIVE;
				GCC_WARN_UNUSED_FUNCTION = YES;
				GCC_WARN_UNUSED_VARIABLE = YES;
				IPHONEOS_DEPLOYMENT_TARGET = 14.5;
				MTL_ENABLE_DEBUG_INFO = INCLUDE_SOURCE;
				MTL_FAST_MATH = YES;
				ONLY_ACTIVE_ARCH = YES;
				SDKROOT = iphoneos;
				SWIFT_ACTIVE_COMPILATION_CONDITIONS = DEBUG;
				SWIFT_OPTIMIZATION_LEVEL = "-Onone";
			};
			name = Debug;
		};
		1444102F26A1FE19005F32CF /* Release */ = {
			isa = XCBuildConfiguration;
			buildSettings = {
				ALWAYS_SEARCH_USER_PATHS = NO;
				CLANG_ANALYZER_LOCALIZABILITY_NONLOCALIZED = YES;
				CLANG_ANALYZER_NONNULL = YES;
				CLANG_ANALYZER_NUMBER_OBJECT_CONVERSION = YES_AGGRESSIVE;
				CLANG_CXX_LANGUAGE_STANDARD = "gnu++14";
				CLANG_CXX_LIBRARY = "libc++";
				CLANG_ENABLE_MODULES = YES;
				CLANG_ENABLE_OBJC_ARC = YES;
				CLANG_ENABLE_OBJC_WEAK = YES;
				CLANG_WARN_BLOCK_CAPTURE_AUTORELEASING = YES;
				CLANG_WARN_BOOL_CONVERSION = YES;
				CLANG_WARN_COMMA = YES;
				CLANG_WARN_CONSTANT_CONVERSION = YES;
				CLANG_WARN_DEPRECATED_OBJC_IMPLEMENTATIONS = YES;
				CLANG_WARN_DIRECT_OBJC_ISA_USAGE = YES_ERROR;
				CLANG_WARN_DOCUMENTATION_COMMENTS = YES;
				CLANG_WARN_EMPTY_BODY = YES;
				CLANG_WARN_ENUM_CONVERSION = YES;
				CLANG_WARN_INFINITE_RECURSION = YES;
				CLANG_WARN_INT_CONVERSION = YES;
				CLANG_WARN_NON_LITERAL_NULL_CONVERSION = YES;
				CLANG_WARN_OBJC_IMPLICIT_RETAIN_SELF = YES;
				CLANG_WARN_OBJC_LITERAL_CONVERSION = YES;
				CLANG_WARN_OBJC_ROOT_CLASS = YES_ERROR;
				CLANG_WARN_QUOTED_INCLUDE_IN_FRAMEWORK_HEADER = YES;
				CLANG_WARN_RANGE_LOOP_ANALYSIS = YES;
				CLANG_WARN_STRICT_PROTOTYPES = YES;
				CLANG_WARN_SUSPICIOUS_MOVE = YES;
				CLANG_WARN_UNGUARDED_AVAILABILITY = YES_AGGRESSIVE;
				CLANG_WARN_UNREACHABLE_CODE = YES;
				CLANG_WARN__DUPLICATE_METHOD_MATCH = YES;
				COPY_PHASE_STRIP = NO;
				DEBUG_INFORMATION_FORMAT = "dwarf-with-dsym";
				ENABLE_NS_ASSERTIONS = NO;
				ENABLE_STRICT_OBJC_MSGSEND = YES;
				GCC_C_LANGUAGE_STANDARD = gnu11;
				GCC_NO_COMMON_BLOCKS = YES;
				GCC_WARN_64_TO_32_BIT_CONVERSION = YES;
				GCC_WARN_ABOUT_RETURN_TYPE = YES_ERROR;
				GCC_WARN_UNDECLARED_SELECTOR = YES;
				GCC_WARN_UNINITIALIZED_AUTOS = YES_AGGRESSIVE;
				GCC_WARN_UNUSED_FUNCTION = YES;
				GCC_WARN_UNUSED_VARIABLE = YES;
				IPHONEOS_DEPLOYMENT_TARGET = 14.5;
				MTL_ENABLE_DEBUG_INFO = NO;
				MTL_FAST_MATH = YES;
				SDKROOT = iphoneos;
				SWIFT_COMPILATION_MODE = wholemodule;
				SWIFT_OPTIMIZATION_LEVEL = "-O";
				VALIDATE_PRODUCT = YES;
			};
			name = Release;
		};
		1444103126A1FE19005F32CF /* Debug */ = {
			isa = XCBuildConfiguration;
			buildSettings = {
				ASSETCATALOG_COMPILER_APPICON_NAME = AppIcon;
				ASSETCATALOG_COMPILER_GLOBAL_ACCENT_COLOR_NAME = AccentColor;
				CODE_SIGN_STYLE = Automatic;
				DEVELOPMENT_ASSET_PATHS = "\"Resources/Preview Content\"";
				DEVELOPMENT_TEAM = 235K7U278B;
				ENABLE_PREVIEWS = YES;
				INFOPLIST_FILE = Resources/Info.plist;
				IPHONEOS_DEPLOYMENT_TARGET = 14.0;
				LD_RUNPATH_SEARCH_PATHS = (
					"$(inherited)",
					"@executable_path/Frameworks",
				);
				PRODUCT_BUNDLE_IDENTIFIER = elysium.BarcodeScanner;
				PRODUCT_NAME = "$(TARGET_NAME)";
				SWIFT_VERSION = 5.0;
				TARGETED_DEVICE_FAMILY = "1,2";
			};
			name = Debug;
		};
		1444103226A1FE19005F32CF /* Release */ = {
			isa = XCBuildConfiguration;
			buildSettings = {
				ASSETCATALOG_COMPILER_APPICON_NAME = AppIcon;
				ASSETCATALOG_COMPILER_GLOBAL_ACCENT_COLOR_NAME = AccentColor;
				CODE_SIGN_STYLE = Automatic;
				DEVELOPMENT_ASSET_PATHS = "\"Resources/Preview Content\"";
				DEVELOPMENT_TEAM = 235K7U278B;
				ENABLE_PREVIEWS = YES;
				INFOPLIST_FILE = Resources/Info.plist;
				IPHONEOS_DEPLOYMENT_TARGET = 14.0;
				LD_RUNPATH_SEARCH_PATHS = (
					"$(inherited)",
					"@executable_path/Frameworks",
				);
				PRODUCT_BUNDLE_IDENTIFIER = elysium.BarcodeScanner;
				PRODUCT_NAME = "$(TARGET_NAME)";
				SWIFT_VERSION = 5.0;
				TARGETED_DEVICE_FAMILY = "1,2";
			};
			name = Release;
		};
/* End XCBuildConfiguration section */

/* Begin XCConfigurationList section */
		1444101C26A1FE17005F32CF /* Build configuration list for PBXProject "BarcodeScanner" */ = {
			isa = XCConfigurationList;
			buildConfigurations = (
				1444102E26A1FE19005F32CF /* Debug */,
				1444102F26A1FE19005F32CF /* Release */,
			);
			defaultConfigurationIsVisible = 0;
			defaultConfigurationName = Release;
		};
		1444103026A1FE19005F32CF /* Build configuration list for PBXNativeTarget "BarcodeScanner" */ = {
			isa = XCConfigurationList;
			buildConfigurations = (
				1444103126A1FE19005F32CF /* Debug */,
				1444103226A1FE19005F32CF /* Release */,
			);
			defaultConfigurationIsVisible = 0;
			defaultConfigurationName = Release;
		};
/* End XCConfigurationList section */

/* Begin XCRemoteSwiftPackageReference section */
		14C6F5D826C1D6BF00661FF1 /* XCRemoteSwiftPackageReference "SFSafeSymbols" */ = {
			isa = XCRemoteSwiftPackageReference;
			repositoryURL = "https://github.com/piknotech/SFSafeSymbols";
			requirement = {
				kind = upToNextMajorVersion;
				minimumVersion = 2.1.3;
			};
		};
/* End XCRemoteSwiftPackageReference section */

/* Begin XCSwiftPackageProductDependency section */
		14C6F5D926C1D6BF00661FF1 /* SFSafeSymbols */ = {
			isa = XCSwiftPackageProductDependency;
			package = 14C6F5D826C1D6BF00661FF1 /* XCRemoteSwiftPackageReference "SFSafeSymbols" */;
			productName = SFSafeSymbols;
		};
/* End XCSwiftPackageProductDependency section */
	};
	rootObject = 1444101926A1FE17005F32CF /* Project object */;
}
